
Microsoft Visual Studio Solution File, Format Version 12.00
# Visual Studio Version 17
VisualStudioVersion = 17.3.32825.248
MinimumVisualStudioVersion = 10.0.40219.1
Project("{9A19103F-16F7-4668-BE54-9A1E7A4F7556}") = "SportsStore", "SportsStore\SportsStore.csproj", "{33A808B6-5396-4DDE-BD39-F85FF38A2442}"
EndProject
Project("{9A19103F-16F7-4668-BE54-9A1E7A4F7556}") = "SportsStore.Tests", "SportsStore.Tests\SportsStore.Tests.csproj", "{BCAA7595-915C-4A24-B6BF-1A95FAABD069}"
EndProject
Global
	GlobalSection(SolutionConfigurationPlatforms) = preSolution
		Debug|Any CPU = Debug|Any CPU
		Release|Any CPU = Release|Any CPU
	EndGlobalSection
	GlobalSection(ProjectConfigurationPlatforms) = postSolution
		{33A808B6-5396-4DDE-BD39-F85FF38A2442}.Debug|Any CPU.ActiveCfg = Debug|Any CPU
		{33A808B6-5396-4DDE-BD39-F85FF38A2442}.Debug|Any CPU.Build.0 = Debug|Any CPU
		{33A808B6-5396-4DDE-BD39-F85FF38A2442}.Release|Any CPU.ActiveCfg = Release|Any CPU
		{33A808B6-5396-4DDE-BD39-F85FF38A2442}.Release|Any CPU.Build.0 = Release|Any CPU
		{BCAA7595-915C-4A24-B6BF-1A95FAABD069}.Debug|Any CPU.ActiveCfg = Debug|Any CPU
		{BCAA7595-915C-4A24-B6BF-1A95FAABD069}.Debug|Any CPU.Build.0 = Debug|Any CPU
		{BCAA7595-915C-4A24-B6BF-1A95FAABD069}.Release|Any CPU.ActiveCfg = Release|Any CPU
		{BCAA7595-915C-4A24-B6BF-1A95FAABD069}.Release|Any CPU.Build.0 = Release|Any CPU
	EndGlobalSection
	GlobalSection(SolutionProperties) = preSolution
		HideSolutionNode = FALSE
	EndGlobalSection
	GlobalSection(ExtensibilityGlobals) = postSolution
		SolutionGuid = {013B6C63-8486-4322-965B-4AD5F29E49E9}
	EndGlobalSection
EndGlobal
